# THIS IS AN AUTOGENERATED FILE. DO NOT EDIT THIS FILE DIRECTLY.
# yarn lockfile v1


"@types/validator@^13.11.8":
  version "13.12.2"
  resolved "https://registry.yarnpkg.com/@types/validator/-/validator-13.12.2.tgz#760329e756e18a4aab82fc502b51ebdfebbe49f5"
  integrity sha512-6SlHBzUW8Jhf3liqrGGXyTJSIFe4nqlJ5A5KaMZ2l/vbM3Wh3KSybots/wfWVzNLK4D1NZluDlSQIbIEPx6oyA==

class-validator@^0.14.1:
  version "0.14.1"
  resolved "https://registry.yarnpkg.com/class-validator/-/class-validator-0.14.1.tgz#ff2411ed8134e9d76acfeb14872884448be98110"
  integrity sha512-2VEG9JICxIqTpoK1eMzZqaV+u/EiwEJkMGzTrZf6sU/fwsnOITVgYJ8yojSy6CaXtO9V0Cc6ZQZ8h8m4UBuLwQ==
  dependencies:
    "@types/validator" "^13.11.8"
    libphonenumber-js "^1.10.53"
    validator "^13.9.0"

libphonenumber-js@^1.10.53:
  version "1.11.14"
  resolved "https://registry.yarnpkg.com/libphonenumber-js/-/libphonenumber-js-1.11.14.tgz#d753524fd30e6433834a1464baf7efed4a06b593"
  integrity sha512-sexvAfwcW1Lqws4zFp8heAtAEXbEDnvkYCEGzvOoMgZR7JhXo/IkE9MkkGACgBed5fWqh3ShBGnJBdDnU9N8EQ==

typescript@^5.6.3:
  version "5.6.3"
  resolved "https://registry.yarnpkg.com/typescript/-/typescript-5.6.3.tgz#5f3449e31c9d94febb17de03cc081dd56d81db5b"
  integrity sha512-hjcS1mhfuyi4WW8IWtjP7brDrG2cuDZukyrYrSauoXGNgx0S7zceP07adYkJycEr56BOUTNPzbInooiN3fn1qw==

validator@^13.9.0:
  version "13.12.0"
  resolved "https://registry.yarnpkg.com/validator/-/validator-13.12.0.tgz#7d78e76ba85504da3fee4fd1922b385914d4b35f"
  integrity sha512-c1Q0mCiPlgdTVVVIJIrBuxNicYE+t/7oKeI9MWLj3fh/uq2Pxh/3eeWbVZ4OcGW1TUf53At0njHw5SMdA3tmMg==
